// !$*UTF8*$!
{
	archiveVersion = 1;
	classes = {
	};
	objectVersion = 56;
	objects = {

/* Begin PBXBuildFile section */
		15A8FDE2297D1A0F001777CE /* AppDelegate.swift in Sources */ = {isa = PBXBuildFile; fileRef = 15A8FDE1297D1A0F001777CE /* AppDelegate.swift */; };
		15A8FDE4297D1A0F001777CE /* SceneDelegate.swift in Sources */ = {isa = PBXBuildFile; fileRef = 15A8FDE3297D1A0F001777CE /* SceneDelegate.swift */; };
		15A8FDE6297D1A0F001777CE /* CartViewController.swift in Sources */ = {isa = PBXBuildFile; fileRef = 15A8FDE5297D1A0F001777CE /* CartViewController.swift */; };
		15A8FDE9297D1A0F001777CE /* Main.storyboard in Resources */ = {isa = PBXBuildFile; fileRef = 15A8FDE7297D1A0F001777CE /* Main.storyboard */; };
		15A8FDEB297D1A12001777CE /* Assets.xcassets in Resources */ = {isa = PBXBuildFile; fileRef = 15A8FDEA297D1A12001777CE /* Assets.xcassets */; };
		15A8FDEE297D1A13001777CE /* LaunchScreen.storyboard in Resources */ = {isa = PBXBuildFile; fileRef = 15A8FDEC297D1A13001777CE /* LaunchScreen.storyboard */; };
		15A8FDF8297D1CAF001777CE /* HomeViewController.swift in Sources */ = {isa = PBXBuildFile; fileRef = 15A8FDF7297D1CAF001777CE /* HomeViewController.swift */; };
		15A8FDFB297D2CA5001777CE /* TableViewCell.swift in Sources */ = {isa = PBXBuildFile; fileRef = 15A8FDFA297D2CA5001777CE /* TableViewCell.swift */; };
		15A8FE00297D2D90001777CE /* MainTabBarController.swift in Sources */ = {isa = PBXBuildFile; fileRef = 15A8FDFF297D2D90001777CE /* MainTabBarController.swift */; };
		15AE6BB6297D326600216C04 /* All + Ext.swift in Sources */ = {isa = PBXBuildFile; fileRef = 15AE6BB2297D326500216C04 /* All + Ext.swift */; };
		15AE6BB7297D326600216C04 /* String + Ext.swift in Sources */ = {isa = PBXBuildFile; fileRef = 15AE6BB3297D326500216C04 /* String + Ext.swift */; };
		15AE6BB8297D326600216C04 /* UIImageView + Ext.swift in Sources */ = {isa = PBXBuildFile; fileRef = 15AE6BB4297D326500216C04 /* UIImageView + Ext.swift */; };
		15AE6BB9297D326600216C04 /* UIView + Ext.swift in Sources */ = {isa = PBXBuildFile; fileRef = 15AE6BB5297D326600216C04 /* UIView + Ext.swift */; };
		15AE6BBC297D327600216C04 /* ShopItemModel.swift in Sources */ = {isa = PBXBuildFile; fileRef = 15AE6BBB297D327600216C04 /* ShopItemModel.swift */; };
		15AE6BC2297D394D00216C04 /* Nuke in Frameworks */ = {isa = PBXBuildFile; productRef = 15AE6BC1297D394D00216C04 /* Nuke */; };
		15AE6BC4297D394D00216C04 /* NukeExtensions in Frameworks */ = {isa = PBXBuildFile; productRef = 15AE6BC3297D394D00216C04 /* NukeExtensions */; };
		15AE6BC6297D394D00216C04 /* NukeUI in Frameworks */ = {isa = PBXBuildFile; productRef = 15AE6BC5297D394D00216C04 /* NukeUI */; };
		15AE6BC8297D477400216C04 /* LoginViewController.swift in Sources */ = {isa = PBXBuildFile; fileRef = 15AE6BC7297D477400216C04 /* LoginViewController.swift */; };
/* End PBXBuildFile section */

/* Begin PBXFileReference section */
		15A8FDDE297D1A0F001777CE /* Quantum IT.app */ = {isa = PBXFileReference; explicitFileType = wrapper.application; includeInIndex = 0; path = "Quantum IT.app"; sourceTree = BUILT_PRODUCTS_DIR; };
		15A8FDE1297D1A0F001777CE /* AppDelegate.swift */ = {isa = PBXFileReference; lastKnownFileType = sourcecode.swift; path = AppDelegate.swift; sourceTree = "<group>"; };
		15A8FDE3297D1A0F001777CE /* SceneDelegate.swift */ = {isa = PBXFileReference; lastKnownFileType = sourcecode.swift; path = SceneDelegate.swift; sourceTree = "<group>"; };
		15A8FDE5297D1A0F001777CE /* CartViewController.swift */ = {isa = PBXFileReference; lastKnownFileType = sourcecode.swift; path = CartViewController.swift; sourceTree = "<group>"; };
		15A8FDE8297D1A0F001777CE /* Base */ = {isa = PBXFileReference; lastKnownFileType = file.storyboard; name = Base; path = Base.lproj/Main.storyboard; sourceTree = "<group>"; };
		15A8FDEA297D1A12001777CE /* Assets.xcassets */ = {isa = PBXFileReference; lastKnownFileType = folder.assetcatalog; path = Assets.xcassets; sourceTree = "<group>"; };
		15A8FDED297D1A13001777CE /* Base */ = {isa = PBXFileReference; lastKnownFileType = file.storyboard; name = Base; path = Base.lproj/LaunchScreen.storyboard; sourceTree = "<group>"; };
		15A8FDEF297D1A13001777CE /* Info.plist */ = {isa = PBXFileReference; lastKnownFileType = text.plist.xml; path = Info.plist; sourceTree = "<group>"; };
		15A8FDF7297D1CAF001777CE /* HomeViewController.swift */ = {isa = PBXFileReference; lastKnownFileType = sourcecode.swift; path = HomeViewController.swift; sourceTree = "<group>"; };
		15A8FDFA297D2CA5001777CE /* TableViewCell.swift */ = {isa = PBXFileReference; lastKnownFileType = sourcecode.swift; path = TableViewCell.swift; sourceTree = "<group>"; };
		15A8FDFF297D2D90001777CE /* MainTabBarController.swift */ = {isa = PBXFileReference; lastKnownFileType = sourcecode.swift; path = MainTabBarController.swift; sourceTree = "<group>"; };
		15AE6BB2297D326500216C04 /* All + Ext.swift */ = {isa = PBXFileReference; fileEncoding = 4; lastKnownFileType = sourcecode.swift; path = "All + Ext.swift"; sourceTree = "<group>"; };
		15AE6BB3297D326500216C04 /* String + Ext.swift */ = {isa = PBXFileReference; fileEncoding = 4; lastKnownFileType = sourcecode.swift; path = "String + Ext.swift"; sourceTree = "<group>"; };
		15AE6BB4297D326500216C04 /* UIImageView + Ext.swift */ = {isa = PBXFileReference; fileEncoding = 4; lastKnownFileType = sourcecode.swift; path = "UIImageView + Ext.swift"; sourceTree = "<group>"; };
		15AE6BB5297D326600216C04 /* UIView + Ext.swift */ = {isa = PBXFileReference; fileEncoding = 4; lastKnownFileType = sourcecode.swift; path = "UIView + Ext.swift"; sourceTree = "<group>"; };
		15AE6BBB297D327600216C04 /* ShopItemModel.swift */ = {isa = PBXFileReference; fileEncoding = 4; lastKnownFileType = sourcecode.swift; path = ShopItemModel.swift; sourceTree = "<group>"; };
		15AE6BC7297D477400216C04 /* LoginViewController.swift */ = {isa = PBXFileReference; lastKnownFileType = sourcecode.swift; path = LoginViewController.swift; sourceTree = "<group>"; };
/* End PBXFileReference section */

/* Begin PBXFrameworksBuildPhase section */
		15A8FDDB297D1A0F001777CE /* Frameworks */ = {
			isa = PBXFrameworksBuildPhase;
			buildActionMask = 2147483647;
			files = (
				15AE6BC6297D394D00216C04 /* NukeUI in Frameworks */,
				15AE6BC2297D394D00216C04 /* Nuke in Frameworks */,
				15AE6BC4297D394D00216C04 /* NukeExtensions in Frameworks */,
			);
			runOnlyForDeploymentPostprocessing = 0;
		};
/* End PBXFrameworksBuildPhase section */

/* Begin PBXGroup section */
		15A8FDD5297D1A0F001777CE = {
			isa = PBXGroup;
			children = (
				15A8FDE0297D1A0F001777CE /* Quantum IT */,
				15A8FDDF297D1A0F001777CE /* Products */,
			);
			sourceTree = "<group>";
		};
		15A8FDDF297D1A0F001777CE /* Products */ = {
			isa = PBXGroup;
			children = (
				15A8FDDE297D1A0F001777CE /* Quantum IT.app */,
			);
			name = Products;
			sourceTree = "<group>";
		};
		15A8FDE0297D1A0F001777CE /* Quantum IT */ = {
			isa = PBXGroup;
			children = (
				15A8FDEF297D1A13001777CE /* Info.plist */,
				15A8FDF6297D1C91001777CE /* Others */,
				15AE6BB1297D326500216C04 /* Extensions */,
				15AE6BBA297D327600216C04 /* Models */,
				15A8FDF5297D1C80001777CE /* Views */,
				15A8FDF9297D1CBE001777CE /* Controllers */,
			);
			path = "Quantum IT";
			sourceTree = "<group>";
		};
		15A8FDF5297D1C80001777CE /* Views */ = {
			isa = PBXGroup;
			children = (
				15A8FDE7297D1A0F001777CE /* Main.storyboard */,
				15A8FDEC297D1A13001777CE /* LaunchScreen.storyboard */,
			);
			path = Views;
			sourceTree = "<group>";
		};
		15A8FDF6297D1C91001777CE /* Others */ = {
			isa = PBXGroup;
			children = (
				15A8FDE1297D1A0F001777CE /* AppDelegate.swift */,
				15A8FDE3297D1A0F001777CE /* SceneDelegate.swift */,
				15A8FDEA297D1A12001777CE /* Assets.xcassets */,
			);
			path = Others;
			sourceTree = "<group>";
		};
		15A8FDF9297D1CBE001777CE /* Controllers */ = {
			isa = PBXGroup;
			children = (
				15AE6BC7297D477400216C04 /* LoginViewController.swift */,
				15A8FDFF297D2D90001777CE /* MainTabBarController.swift */,
				15A8FDF7297D1CAF001777CE /* HomeViewController.swift */,
				15A8FDE5297D1A0F001777CE /* CartViewController.swift */,
				15A8FDFE297D2CF4001777CE /* Cells */,
			);
			path = Controllers;
			sourceTree = "<group>";
		};
		15A8FDFE297D2CF4001777CE /* Cells */ = {
			isa = PBXGroup;
			children = (
				15A8FDFA297D2CA5001777CE /* TableViewCell.swift */,
			);
			path = Cells;
			sourceTree = "<group>";
		};
		15AE6BB1297D326500216C04 /* Extensions */ = {
			isa = PBXGroup;
			children = (
				15AE6BB2297D326500216C04 /* All + Ext.swift */,
				15AE6BB3297D326500216C04 /* String + Ext.swift */,
				15AE6BB4297D326500216C04 /* UIImageView + Ext.swift */,
				15AE6BB5297D326600216C04 /* UIView + Ext.swift */,
			);
			path = Extensions;
			sourceTree = "<group>";
		};
		15AE6BBA297D327600216C04 /* Models */ = {
			isa = PBXGroup;
			children = (
				15AE6BBB297D327600216C04 /* ShopItemModel.swift */,
			);
			path = Models;
			sourceTree = "<group>";
		};
/* End PBXGroup section */

/* Begin PBXNativeTarget section */
		15A8FDDD297D1A0F001777CE /* Quantum IT */ = {
			isa = PBXNativeTarget;
			buildConfigurationList = 15A8FDF2297D1A13001777CE /* Build configuration list for PBXNativeTarget "Quantum IT" */;
			buildPhases = (
				15A8FDDA297D1A0F001777CE /* Sources */,
				15A8FDDB297D1A0F001777CE /* Frameworks */,
				15A8FDDC297D1A0F001777CE /* Resources */,
			);
			buildRules = (
			);
			dependencies = (
			);
			name = "Quantum IT";
			packageProductDependencies = (
				15AE6BC1297D394D00216C04 /* Nuke */,
				15AE6BC3297D394D00216C04 /* NukeExtensions */,
				15AE6BC5297D394D00216C04 /* NukeUI */,
			);
			productName = "Quantum IT";
			productReference = 15A8FDDE297D1A0F001777CE /* Quantum IT.app */;
			productType = "com.apple.product-type.application";
		};
/* End PBXNativeTarget section */

/* Begin PBXProject section */
		15A8FDD6297D1A0F001777CE /* Project object */ = {
			isa = PBXProject;
			attributes = {
				BuildIndependentTargetsInParallel = 1;
				LastSwiftUpdateCheck = 1410;
				LastUpgradeCheck = 1410;
				TargetAttributes = {
					15A8FDDD297D1A0F001777CE = {
						CreatedOnToolsVersion = 14.1;
					};
				};
			};
			buildConfigurationList = 15A8FDD9297D1A0F001777CE /* Build configuration list for PBXProject "Quantum IT" */;
			compatibilityVersion = "Xcode 14.0";
			developmentRegion = en;
			hasScannedForEncodings = 0;
			knownRegions = (
				en,
				Base,
			);
			mainGroup = 15A8FDD5297D1A0F001777CE;
			packageReferences = (
				15AE6BC0297D394D00216C04 /* XCRemoteSwiftPackageReference "Nuke" */,
			);
			productRefGroup = 15A8FDDF297D1A0F001777CE /* Products */;
			projectDirPath = "";
			projectRoot = "";
			targets = (
				15A8FDDD297D1A0F001777CE /* Quantum IT */,
			);
		};
/* End PBXProject section */

/* Begin PBXResourcesBuildPhase section */
		15A8FDDC297D1A0F001777CE /* Resources */ = {
			isa = PBXResourcesBuildPhase;
			buildActionMask = 2147483647;
			files = (
				15A8FDEE297D1A13001777CE /* LaunchScreen.storyboard in Resources */,
				15A8FDEB297D1A12001777CE /* Assets.xcassets in Resources */,
				15A8FDE9297D1A0F001777CE /* Main.storyboard in Resources */,
			);
			runOnlyForDeploymentPostprocessing = 0;
		};
/* End PBXResourcesBuildPhase section */

/* Begin PBXSourcesBuildPhase section */
		15A8FDDA297D1A0F001777CE /* Sources */ = {
			isa = PBXSourcesBuildPhase;
			buildActionMask = 2147483647;
			files = (
				15AE6BC8297D477400216C04 /* LoginViewController.swift in Sources */,
				15AE6BB7297D326600216C04 /* String + Ext.swift in Sources */,
				15A8FDFB297D2CA5001777CE /* TableViewCell.swift in Sources */,
				15AE6BB8297D326600216C04 /* UIImageView + Ext.swift in Sources */,
				15AE6BB9297D326600216C04 /* UIView + Ext.swift in Sources */,
				15A8FDE6297D1A0F001777CE /* CartViewController.swift in Sources */,
				15A8FE00297D2D90001777CE /* MainTabBarController.swift in Sources */,
				15A8FDE2297D1A0F001777CE /* AppDelegate.swift in Sources */,
				15AE6BBC297D327600216C04 /* ShopItemModel.swift in Sources */,
				15A8FDE4297D1A0F001777CE /* SceneDelegate.swift in Sources */,
				15A8FDF8297D1CAF001777CE /* HomeViewController.swift in Sources */,
				15AE6BB6297D326600216C04 /* All + Ext.swift in Sources */,
			);
			runOnlyForDeploymentPostprocessing = 0;
		};
/* End PBXSourcesBuildPhase section */

/* Begin PBXVariantGroup section */
		15A8FDE7297D1A0F001777CE /* Main.storyboard */ = {
			isa = PBXVariantGroup;
			children = (
				15A8FDE8297D1A0F001777CE /* Base */,
			);
			name = Main.storyboard;
			sourceTree = "<group>";
		};
		15A8FDEC297D1A13001777CE /* LaunchScreen.storyboard */ = {
			isa = PBXVariantGroup;
			children = (
				15A8FDED297D1A13001777CE /* Base */,
			);
			name = LaunchScreen.storyboard;
			sourceTree = "<group>";
		};
/* End PBXVariantGroup section */

/* Begin XCBuildConfiguration section */
		15A8FDF0297D1A13001777CE /* Debug */ = {
			isa = XCBuildConfiguration;
			buildSettings = {
				ALWAYS_SEARCH_USER_PATHS = NO;
				CLANG_ANALYZER_NONNULL = YES;
				CLANG_ANALYZER_NUMBER_OBJECT_CONVERSION = YES_AGGRESSIVE;
				CLANG_CXX_LANGUAGE_STANDARD = "gnu++20";
				CLANG_ENABLE_MODULES = YES;
				CLANG_ENABLE_OBJC_ARC = YES;
				CLANG_ENABLE_OBJC_WEAK = YES;
				CLANG_WARN_BLOCK_CAPTURE_AUTORELEASING = YES;
				CLANG_WARN_BOOL_CONVERSION = YES;
				CLANG_WARN_COMMA = YES;
				CLANG_WARN_CONSTANT_CONVERSION = YES;
				CLANG_WARN_DEPRECATED_OBJC_IMPLEMENTATIONS = YES;
				CLANG_WARN_DIRECT_OBJC_ISA_USAGE = YES_ERROR;
				CLANG_WARN_DOCUMENTATION_COMMENTS = YES;
				CLANG_WARN_EMPTY_BODY = YES;
				CLANG_WARN_ENUM_CONVERSION = YES;
				CLANG_WARN_INFINITE_RECURSION = YES;
				CLANG_WARN_INT_CONVERSION = YES;
				CLANG_WARN_NON_LITERAL_NULL_CONVERSION = YES;
				CLANG_WARN_OBJC_IMPLICIT_RETAIN_SELF = YES;
				CLANG_WARN_OBJC_LITERAL_CONVERSION = YES;
				CLANG_WARN_OBJC_ROOT_CLASS = YES_ERROR;
				CLANG_WARN_QUOTED_INCLUDE_IN_FRAMEWORK_HEADER = YES;
				CLANG_WARN_RANGE_LOOP_ANALYSIS = YES;
				CLANG_WARN_STRICT_PROTOTYPES = YES;
				CLANG_WARN_SUSPICIOUS_MOVE = YES;
				CLANG_WARN_UNGUARDED_AVAILABILITY = YES_AGGRESSIVE;
				CLANG_WARN_UNREACHABLE_CODE = YES;
				CLANG_WARN__DUPLICATE_METHOD_MATCH = YES;
				COPY_PHASE_STRIP = NO;
				DEBUG_INFORMATION_FORMAT = dwarf;
				ENABLE_STRICT_OBJC_MSGSEND = YES;
				ENABLE_TESTABILITY = YES;
				GCC_C_LANGUAGE_STANDARD = gnu11;
				GCC_DYNAMIC_NO_PIC = NO;
				GCC_NO_COMMON_BLOCKS = YES;
				GCC_OPTIMIZATION_LEVEL = 0;
				GCC_PREPROCESSOR_DEFINITIONS = (
					"DEBUG=1",
					"$(inherited)",
				);
				GCC_WARN_64_TO_32_BIT_CONVERSION = YES;
				GCC_WARN_ABOUT_RETURN_TYPE = YES_ERROR;
				GCC_WARN_UNDECLARED_SELECTOR = YES;
				GCC_WARN_UNINITIALIZED_AUTOS = YES_AGGRESSIVE;
				GCC_WARN_UNUSED_FUNCTION = YES;
				GCC_WARN_UNUSED_VARIABLE = YES;
				IPHONEOS_DEPLOYMENT_TARGET = 16.1;
				MTL_ENABLE_DEBUG_INFO = INCLUDE_SOURCE;
				MTL_FAST_MATH = YES;
				ONLY_ACTIVE_ARCH = YES;
				SDKROOT = iphoneos;
				SWIFT_ACTIVE_COMPILATION_CONDITIONS = DEBUG;
				SWIFT_OPTIMIZATION_LEVEL = "-Onone";
			};
			name = Debug;
		};
		15A8FDF1297D1A13001777CE /* Release */ = {
			isa = XCBuildConfiguration;
			buildSettings = {
				ALWAYS_SEARCH_USER_PATHS = NO;
				CLANG_ANALYZER_NONNULL = YES;
				CLANG_ANALYZER_NUMBER_OBJECT_CONVERSION = YES_AGGRESSIVE;
				CLANG_CXX_LANGUAGE_STANDARD = "gnu++20";
				CLANG_ENABLE_MODULES = YES;
				CLANG_ENABLE_OBJC_ARC = YES;
				CLANG_ENABLE_OBJC_WEAK = YES;
				CLANG_WARN_BLOCK_CAPTURE_AUTORELEASING = YES;
				CLANG_WARN_BOOL_CONVERSION = YES;
				CLANG_WARN_COMMA = YES;
				CLANG_WARN_CONSTANT_CONVERSION = YES;
				CLANG_WARN_DEPRECATED_OBJC_IMPLEMENTATIONS = YES;
				CLANG_WARN_DIRECT_OBJC_ISA_USAGE = YES_ERROR;
				CLANG_WARN_DOCUMENTATION_COMMENTS = YES;
				CLANG_WARN_EMPTY_BODY = YES;
				CLANG_WARN_ENUM_CONVERSION = YES;
				CLANG_WARN_INFINITE_RECURSION = YES;
				CLANG_WARN_INT_CONVERSION = YES;
				CLANG_WARN_NON_LITERAL_NULL_CONVERSION = YES;
				CLANG_WARN_OBJC_IMPLICIT_RETAIN_SELF = YES;
				CLANG_WARN_OBJC_LITERAL_CONVERSION = YES;
				CLANG_WARN_OBJC_ROOT_CLASS = YES_ERROR;
				CLANG_WARN_QUOTED_INCLUDE_IN_FRAMEWORK_HEADER = YES;
				CLANG_WARN_RANGE_LOOP_ANALYSIS = YES;
				CLANG_WARN_STRICT_PROTOTYPES = YES;
				CLANG_WARN_SUSPICIOUS_MOVE = YES;
				CLANG_WARN_UNGUARDED_AVAILABILITY = YES_AGGRESSIVE;
				CLANG_WARN_UNREACHABLE_CODE = YES;
				CLANG_WARN__DUPLICATE_METHOD_MATCH = YES;
				COPY_PHASE_STRIP = NO;
				DEBUG_INFORMATION_FORMAT = "dwarf-with-dsym";
				ENABLE_NS_ASSERTIONS = NO;
				ENABLE_STRICT_OBJC_MSGSEND = YES;
				GCC_C_LANGUAGE_STANDARD = gnu11;
				GCC_NO_COMMON_BLOCKS = YES;
				GCC_WARN_64_TO_32_BIT_CONVERSION = YES;
				GCC_WARN_ABOUT_RETURN_TYPE = YES_ERROR;
				GCC_WARN_UNDECLARED_SELECTOR = YES;
				GCC_WARN_UNINITIALIZED_AUTOS = YES_AGGRESSIVE;
				GCC_WARN_UNUSED_FUNCTION = YES;
				GCC_WARN_UNUSED_VARIABLE = YES;
				IPHONEOS_DEPLOYMENT_TARGET = 16.1;
				MTL_ENABLE_DEBUG_INFO = NO;
				MTL_FAST_MATH = YES;
				SDKROOT = iphoneos;
				SWIFT_COMPILATION_MODE = wholemodule;
				SWIFT_OPTIMIZATION_LEVEL = "-O";
				VALIDATE_PRODUCT = YES;
			};
			name = Release;
		};
		15A8FDF3297D1A13001777CE /* Debug */ = {
			isa = XCBuildConfiguration;
			buildSettings = {
				ASSETCATALOG_COMPILER_APPICON_NAME = AppIcon;
				ASSETCATALOG_COMPILER_GLOBAL_ACCENT_COLOR_NAME = AccentColor;
				CODE_SIGN_STYLE = Automatic;
				CURRENT_PROJECT_VERSION = 1;
				DEVELOPMENT_TEAM = K4K55XNXA6;
				GENERATE_INFOPLIST_FILE = YES;
				INFOPLIST_FILE = "Quantum IT/Info.plist";
				INFOPLIST_KEY_UIApplicationSupportsIndirectInputEvents = YES;
				INFOPLIST_KEY_UILaunchStoryboardName = LaunchScreen;
				INFOPLIST_KEY_UIMainStoryboardFile = Main;
				INFOPLIST_KEY_UISupportedInterfaceOrientations = UIInterfaceOrientationPortrait;
				INFOPLIST_KEY_UISupportedInterfaceOrientations_iPad = "UIInterfaceOrientationLandscapeLeft UIInterfaceOrientationLandscapeRight UIInterfaceOrientationPortrait UIInterfaceOrientationPortraitUpsideDown";
				LD_RUNPATH_SEARCH_PATHS = (
					"$(inherited)",
					"@executable_path/Frameworks",
				);
				MARKETING_VERSION = 1.0;
				PRODUCT_BUNDLE_IDENTIFIER = "com.example.Quantum-IT";
				PRODUCT_NAME = "$(TARGET_NAME)";
				SWIFT_EMIT_LOC_STRINGS = YES;
				SWIFT_VERSION = 5.0;
				TARGETED_DEVICE_FAMILY = "1,2";
			};
			name = Debug;
		};
		15A8FDF4297D1A13001777CE /* Release */ = {
			isa = XCBuildConfiguration;
			buildSettings = {
				ASSETCATALOG_COMPILER_APPICON_NAME = AppIcon;
				ASSETCATALOG_COMPILER_GLOBAL_ACCENT_COLOR_NAME = AccentColor;
				CODE_SIGN_STYLE = Automatic;
				CURRENT_PROJECT_VERSION = 1;
				DEVELOPMENT_TEAM = K4K55XNXA6;
				GENERATE_INFOPLIST_FILE = YES;
				INFOPLIST_FILE = "Quantum IT/Info.plist";
				INFOPLIST_KEY_UIApplicationSupportsIndirectInputEvents = YES;
				INFOPLIST_KEY_UILaunchStoryboardName = LaunchScreen;
				INFOPLIST_KEY_UIMainStoryboardFile = Main;
				INFOPLIST_KEY_UISupportedInterfaceOrientations = UIInterfaceOrientationPortrait;
				INFOPLIST_KEY_UISupportedInterfaceOrientations_iPad = "UIInterfaceOrientationLandscapeLeft UIInterfaceOrientationLandscapeRight UIInterfaceOrientationPortrait UIInterfaceOrientationPortraitUpsideDown";
				LD_RUNPATH_SEARCH_PATHS = (
					"$(inherited)",
					"@executable_path/Frameworks",
				);
				MARKETING_VERSION = 1.0;
				PRODUCT_BUNDLE_IDENTIFIER = "com.example.Quantum-IT";
				PRODUCT_NAME = "$(TARGET_NAME)";
				SWIFT_EMIT_LOC_STRINGS = YES;
				SWIFT_VERSION = 5.0;
				TARGETED_DEVICE_FAMILY = "1,2";
			};
			name = Release;
		};
/* End XCBuildConfiguration section */

/* Begin XCConfigurationList section */
		15A8FDD9297D1A0F001777CE /* Build configuration list for PBXProject "Quantum IT" */ = {
			isa = XCConfigurationList;
			buildConfigurations = (
				15A8FDF0297D1A13001777CE /* Debug */,
				15A8FDF1297D1A13001777CE /* Release */,
			);
			defaultConfigurationIsVisible = 0;
			defaultConfigurationName = Release;
		};
		15A8FDF2297D1A13001777CE /* Build configuration list for PBXNativeTarget "Quantum IT" */ = {
			isa = XCConfigurationList;
			buildConfigurations = (
				15A8FDF3297D1A13001777CE /* Debug */,
				15A8FDF4297D1A13001777CE /* Release */,
			);
			defaultConfigurationIsVisible = 0;
			defaultConfigurationName = Release;
		};
/* End XCConfigurationList section */

/* Begin XCRemoteSwiftPackageReference section */
		15AE6BC0297D394D00216C04 /* XCRemoteSwiftPackageReference "Nuke" */ = {
			isa = XCRemoteSwiftPackageReference;
			repositoryURL = "https://github.com/kean/Nuke.git";
			requirement = {
				branch = master;
				kind = branch;
			};
		};
/* End XCRemoteSwiftPackageReference section */

/* Begin XCSwiftPackageProductDependency section */
		15AE6BC1297D394D00216C04 /* Nuke */ = {
			isa = XCSwiftPackageProductDependency;
			package = 15AE6BC0297D394D00216C04 /* XCRemoteSwiftPackageReference "Nuke" */;
			productName = Nuke;
		};
		15AE6BC3297D394D00216C04 /* NukeExtensions */ = {
			isa = XCSwiftPackageProductDependency;
			package = 15AE6BC0297D394D00216C04 /* XCRemoteSwiftPackageReference "Nuke" */;
			productName = NukeExtensions;
		};
		15AE6BC5297D394D00216C04 /* NukeUI */ = {
			isa = XCSwiftPackageProductDependency;
			package = 15AE6BC0297D394D00216C04 /* XCRemoteSwiftPackageReference "Nuke" */;
			productName = NukeUI;
		};
/* End XCSwiftPackageProductDependency section */
	};
	rootObject = 15A8FDD6297D1A0F001777CE /* Project object */;
}
